
Microsoft Visual Studio Solution File, Format Version 12.00
# Visual Studio Version 17
VisualStudioVersion = 17.11.35312.102
MinimumVisualStudioVersion = 10.0.40219.1
Project("{FAE04EC0-301F-11D3-BF4B-00C04F79EFBC}") = "hocgit", "hocgit\hocgit.csproj", "{CB9224AD-D635-460E-82C8-42C224751235}"
EndProject
Project("{FAE04EC0-301F-11D3-BF4B-00C04F79EFBC}") = "ClassLibrary1", "ClassLibrary1\ClassLibrary1.csproj", "{AF7642DF-4950-4AC3-8B71-1AF842AB45C8}"
EndProject
Project("{FAE04EC0-301F-11D3-BF4B-00C04F79EFBC}") = "ClassLibrary2", "ClassLibrary2\ClassLibrary2.csproj", "{F3151D6C-6AC0-417C-A786-7845F7ABE0BA}"
EndProject
Global
	GlobalSection(SolutionConfigurationPlatforms) = preSolution
		Debug|Any CPU = Debug|Any CPU
		Release|Any CPU = Release|Any CPU
	EndGlobalSection
	GlobalSection(ProjectConfigurationPlatforms) = postSolution
		{CB9224AD-D635-460E-82C8-42C224751235}.Debug|Any CPU.ActiveCfg = Debug|Any CPU
		{CB9224AD-D635-460E-82C8-42C224751235}.Debug|Any CPU.Build.0 = Debug|Any CPU
		{CB9224AD-D635-460E-82C8-42C224751235}.Release|Any CPU.ActiveCfg = Release|Any CPU
		{CB9224AD-D635-460E-82C8-42C224751235}.Release|Any CPU.Build.0 = Release|Any CPU
		{AF7642DF-4950-4AC3-8B71-1AF842AB45C8}.Debug|Any CPU.ActiveCfg = Debug|Any CPU
		{AF7642DF-4950-4AC3-8B71-1AF842AB45C8}.Debug|Any CPU.Build.0 = Debug|Any CPU
		{AF7642DF-4950-4AC3-8B71-1AF842AB45C8}.Release|Any CPU.ActiveCfg = Release|Any CPU
		{AF7642DF-4950-4AC3-8B71-1AF842AB45C8}.Release|Any CPU.Build.0 = Release|Any CPU
		{F3151D6C-6AC0-417C-A786-7845F7ABE0BA}.Debug|Any CPU.ActiveCfg = Debug|Any CPU
		{F3151D6C-6AC0-417C-A786-7845F7ABE0BA}.Debug|Any CPU.Build.0 = Debug|Any CPU
		{F3151D6C-6AC0-417C-A786-7845F7ABE0BA}.Release|Any CPU.ActiveCfg = Release|Any CPU
		{F3151D6C-6AC0-417C-A786-7845F7ABE0BA}.Release|Any CPU.Build.0 = Release|Any CPU
	EndGlobalSection
	GlobalSection(SolutionProperties) = preSolution
		HideSolutionNode = FALSE
	EndGlobalSection
	GlobalSection(ExtensibilityGlobals) = postSolution
		SolutionGuid = {A078F028-E0E2-4EE8-9B89-6C4CB36DE0C3}
	EndGlobalSection
EndGlobal
